
Microsoft Visual Studio Solution File, Format Version 12.00
# Visual Studio 2013
VisualStudioVersion = 12.0.40629.0
MinimumVisualStudioVersion = 10.0.40219.1
Project("{FAE04EC0-301F-11D3-BF4B-00C04F79EFBC}") = "DrDenese", "DrDenese\DrDenese.csproj", "{BC91D1EA-03D2-40E0-A3F1-2BC2D392BA19}"
EndProject
Project("{2150E333-8FDC-42A3-9474-1A3956D46DE8}") = ".nuget", ".nuget", "{E318CE8E-F7C8-4F83-A9BC-818E56056633}"
	ProjectSection(SolutionItems) = preProject
		.nuget\packages.config = .nuget\packages.config
	EndProjectSection
EndProject
Global
	GlobalSection(SolutionConfigurationPlatforms) = preSolution
		Debug|Any CPU = Debug|Any CPU
		Release|Any CPU = Release|Any CPU
	EndGlobalSection
	GlobalSection(ProjectConfigurationPlatforms) = postSolution
		{BC91D1EA-03D2-40E0-A3F1-2BC2D392BA19}.Debug|Any CPU.ActiveCfg = Debug|Any CPU
		{BC91D1EA-03D2-40E0-A3F1-2BC2D392BA19}.Debug|Any CPU.Build.0 = Debug|Any CPU
		{BC91D1EA-03D2-40E0-A3F1-2BC2D392BA19}.Release|Any CPU.ActiveCfg = Release|Any CPU
		{BC91D1EA-03D2-40E0-A3F1-2BC2D392BA19}.Release|Any CPU.Build.0 = Release|Any CPU
	EndGlobalSection
	GlobalSection(SolutionProperties) = preSolution
		HideSolutionNode = FALSE
	EndGlobalSection
EndGlobal
